[[tools.aqua]]
version = "2.60.1"
backend = "github:aquaproj/aqua"
"platforms.linux-x64" = { checksum = "sha256:d6f920201c71fb42881af51f8f63c3f06da778b38399248b2c777a288ebe3884", url = "https://github.com/aquaproj/aqua/releases/download/v2.60.1/aqua_linux_amd64.tar.gz", url_api = "https://api.github.com/repos/aquaproj/aqua/releases/assets/448669470"}
"platforms.macos-arm64" = { checksum = "sha256:19a5ab28a1238c4bbe06c40bcbce36e78b52838bb055d0d57cd4a844d165bdc4", url = "https://github.com/aquaproj/aqua/releases/download/v2.60.1/aqua_darwin_arm64.tar.gz", url_api = "https://api.github.com/repos/aquaproj/aqua/releases/assets/448669464"}
